
Microsoft Visual Studio Solution File, Format Version 12.00
# Visual Studio Version 16
VisualStudioVersion = 16.0.30523.141
MinimumVisualStudioVersion = 10.0.40219.1
Project("{FAE04EC0-301F-11D3-BF4B-00C04F79EFBC}") = "Unit4", "Unit4.csproj", "{5C0E6211-2A59-4509-B532-0F271F97B37F}"
EndProject
Global
	GlobalSection(SolutionConfigurationPlatforms) = preSolution
		Debug|Any CPU = Debug|Any CPU
		Release|Any CPU = Release|Any CPU
	EndGlobalSection
	GlobalSection(ProjectConfigurationPlatforms) = postSolution
		{5C0E6211-2A59-4509-B532-0F271F97B37F}.Debug|Any CPU.ActiveCfg = Debug|Any CPU
		{5C0E6211-2A59-4509-B532-0F271F97B37F}.Debug|Any CPU.Build.0 = Debug|Any CPU
		{5C0E6211-2A59-4509-B532-0F271F97B37F}.Release|Any CPU.ActiveCfg = Release|Any CPU
		{5C0E6211-2A59-4509-B532-0F271F97B37F}.Release|Any CPU.Build.0 = Release|Any CPU
	EndGlobalSection
	GlobalSection(SolutionProperties) = preSolution
		HideSolutionNode = FALSE
	EndGlobalSection
	GlobalSection(ExtensibilityGlobals) = postSolution
		SolutionGuid = {FFD03595-B5C1-42BC-B7DA-6176F05950E2}
	EndGlobalSection
EndGlobal
